
Microsoft Visual Studio Solution File, Format Version 12.00
# Visual Studio 14
VisualStudioVersion = 14.0.25420.1
MinimumVisualStudioVersion = 10.0.40219.1
Project("{FAE04EC0-301F-11D3-BF4B-00C04F79EFBC}") = "OnlineShop", "OnlineShop\OnlineShop.csproj", "{47312B4A-0D39-43C9-AA82-809BA8CEE4D4}"
EndProject
Project("{FAE04EC0-301F-11D3-BF4B-00C04F79EFBC}") = "Model", "Model\Model.csproj", "{096579F9-3E51-4C95-8962-A188714D9A07}"
EndProject
Project("{FAE04EC0-301F-11D3-BF4B-00C04F79EFBC}") = "Common", "Common\Common.csproj", "{1145DF68-F366-4AB5-8A62-D785089A5409}"
EndProject
Project("{FAE04EC0-301F-11D3-BF4B-00C04F79EFBC}") = "StaticResources", "StaticResources\StaticResources.csproj", "{BCF4F067-A693-4407-A0D5-79411E5E9ED0}"
EndProject
Project("{FAE04EC0-301F-11D3-BF4B-00C04F79EFBC}") = "SendMail", "SendMail\SendMail.csproj", "{04565DE9-1F97-4AED-98D6-47B473326AC5}"
EndProject
Global
	GlobalSection(SolutionConfigurationPlatforms) = preSolution
		Debug|Any CPU = Debug|Any CPU
		Release|Any CPU = Release|Any CPU
	EndGlobalSection
	GlobalSection(ProjectConfigurationPlatforms) = postSolution
		{47312B4A-0D39-43C9-AA82-809BA8CEE4D4}.Debug|Any CPU.ActiveCfg = Debug|Any CPU
		{47312B4A-0D39-43C9-AA82-809BA8CEE4D4}.Debug|Any CPU.Build.0 = Debug|Any CPU
		{47312B4A-0D39-43C9-AA82-809BA8CEE4D4}.Release|Any CPU.ActiveCfg = Release|Any CPU
		{47312B4A-0D39-43C9-AA82-809BA8CEE4D4}.Release|Any CPU.Build.0 = Release|Any CPU
		{096579F9-3E51-4C95-8962-A188714D9A07}.Debug|Any CPU.ActiveCfg = Debug|Any CPU
		{096579F9-3E51-4C95-8962-A188714D9A07}.Debug|Any CPU.Build.0 = Debug|Any CPU
		{096579F9-3E51-4C95-8962-A188714D9A07}.Release|Any CPU.ActiveCfg = Release|Any CPU
		{096579F9-3E51-4C95-8962-A188714D9A07}.Release|Any CPU.Build.0 = Release|Any CPU
		{1145DF68-F366-4AB5-8A62-D785089A5409}.Debug|Any CPU.ActiveCfg = Debug|Any CPU
		{1145DF68-F366-4AB5-8A62-D785089A5409}.Debug|Any CPU.Build.0 = Debug|Any CPU
		{1145DF68-F366-4AB5-8A62-D785089A5409}.Release|Any CPU.ActiveCfg = Release|Any CPU
		{1145DF68-F366-4AB5-8A62-D785089A5409}.Release|Any CPU.Build.0 = Release|Any CPU
		{BCF4F067-A693-4407-A0D5-79411E5E9ED0}.Debug|Any CPU.ActiveCfg = Debug|Any CPU
		{BCF4F067-A693-4407-A0D5-79411E5E9ED0}.Debug|Any CPU.Build.0 = Debug|Any CPU
		{BCF4F067-A693-4407-A0D5-79411E5E9ED0}.Release|Any CPU.ActiveCfg = Release|Any CPU
		{BCF4F067-A693-4407-A0D5-79411E5E9ED0}.Release|Any CPU.Build.0 = Release|Any CPU
		{04565DE9-1F97-4AED-98D6-47B473326AC5}.Debug|Any CPU.ActiveCfg = Debug|Any CPU
		{04565DE9-1F97-4AED-98D6-47B473326AC5}.Debug|Any CPU.Build.0 = Debug|Any CPU
		{04565DE9-1F97-4AED-98D6-47B473326AC5}.Release|Any CPU.ActiveCfg = Release|Any CPU
		{04565DE9-1F97-4AED-98D6-47B473326AC5}.Release|Any CPU.Build.0 = Release|Any CPU
	EndGlobalSection
	GlobalSection(SolutionProperties) = preSolution
		HideSolutionNode = FALSE
	EndGlobalSection
EndGlobal
